lockfileVersion: '9.0'

settings:
  autoInstallPeers: true
  excludeLinksFromLockfile: false

importers:

  .:
    dependencies:
      '@nodevu/core':
        specifier: ^0.3.0
        version: 0.3.0
      typescript:
        specifier: ^5
        version: 5.9.3
    devDependencies:
      '@types/bun':
        specifier: latest
        version: 1.3.0(@types/react@19.2.2)

packages:

  '@nodevu/core@0.3.0':
    resolution: {integrity: sha512-kVJh6kQViCE8Qf1j7pc7yhUke2kKb1eZM+rqln+EytHqyOq+eZUEtfWbDk1vfWhgiknnAcFOhdVA5apT8rTejQ==}

  '@nodevu/parsefiles@0.0.3':
    resolution: {integrity: sha512-IjwkVqA2SlH8XweoAw7EJkeyPGk7gW9imlvhpywrKiPCLP1H0meG/blNAF5X38pirsmvhxPe/BCyywT7Exwuow==}

  '@types/bun@1.3.0':
    resolution: {integrity: sha512-+lAGCYjXjip2qY375xX/scJeVRmZ5cY0wyHYyCYxNcdEXrQ4AOe3gACgd4iQ8ksOslJtW4VNxBJ8llUwc3a6AA==}

  '@types/node@24.8.0':
    resolution: {integrity: sha512-5x08bUtU8hfboMTrJ7mEO4CpepS9yBwAqcL52y86SWNmbPX8LVbNs3EP4cNrIZgdjk2NAlP2ahNihozpoZIxSg==}

  '@types/react@19.2.2':
    resolution: {integrity: sha512-6mDvHUFSjyT2B2yeNx2nUgMxh9LtOWvkhIU3uePn2I2oyNymUAX1NIsdgviM4CH+JSrp2D2hsMvJOkxY+0wNRA==}

  bun-types@1.3.0:
    resolution: {integrity: sha512-u8X0thhx+yJ0KmkxuEo9HAtdfgCBaM/aI9K90VQcQioAmkVp3SG3FkwWGibUFz3WdXAdcsqOcbU40lK7tbHdkQ==}
    peerDependencies:
      '@types/react': ^19

  csstype@3.1.3:
    resolution: {integrity: sha512-M1uQkMl8rQK/szD0LNhtqxIPLpimGm8sOBwU7lLnCpSbTyY3yeU1Vc7l4KT5zT4s/yOxHH5O7tIuuLOCnLADRw==}

  luxon@3.7.2:
    resolution: {integrity: sha512-vtEhXh/gNjI9Yg1u4jX/0YVPMvxzHuGgCm6tC5kZyb08yjGWGnqAjGJvcXbqQR2P3MyMEFnRbpcdFS6PBcLqew==}
    engines: {node: '>=12'}

  semver@7.7.3:
    resolution: {integrity: sha512-SdsKMrI9TdgjdweUSR9MweHA4EJ8YxHn8DFaDisvhVlUOe4BF1tLD7GAj0lIqWVl+dPb/rExr0Btby5loQm20Q==}
    engines: {node: '>=10'}
    hasBin: true

  typescript@5.9.3:
    resolution: {integrity: sha512-jl1vZzPDinLr9eUt3J/t7V6FgNEw9QjvBPdysz9KfQDD41fQrC2Y4vKQdiaUpFT4bXlb1RHhLpp8wtm6M5TgSw==}
    engines: {node: '>=14.17'}
    hasBin: true

  undici-types@7.14.0:
    resolution: {integrity: sha512-QQiYxHuyZ9gQUIrmPo3IA+hUl4KYk8uSA7cHrcKd/l3p1OTpZcM0Tbp9x7FAtXdAYhlasd60ncPpgu6ihG6TOA==}

snapshots:

  '@nodevu/core@0.3.0':
    dependencies:
      '@nodevu/parsefiles': 0.0.3
      luxon: 3.7.2
      semver: 7.7.3

  '@nodevu/parsefiles@0.0.3': {}

  '@types/bun@1.3.0(@types/react@19.2.2)':
    dependencies:
      bun-types: 1.3.0(@types/react@19.2.2)
    transitivePeerDependencies:
      - '@types/react'

  '@types/node@24.8.0':
    dependencies:
      undici-types: 7.14.0

  '@types/react@19.2.2':
    dependencies:
      csstype: 3.1.3

  bun-types@1.3.0(@types/react@19.2.2):
    dependencies:
      '@types/node': 24.8.0
      '@types/react': 19.2.2

  csstype@3.1.3: {}

  luxon@3.7.2: {}

  semver@7.7.3: {}

  typescript@5.9.3: {}

  undici-types@7.14.0: {}
